
Microsoft Visual Studio Solution File, Format Version 12.00
# Visual Studio Version 17
VisualStudioVersion = 17.13.35818.85 d17.13
MinimumVisualStudioVersion = 10.0.40219.1
Project("{8BC9CEB8-8B4A-11D0-8D11-00A0C91BC942}") = "LibraryManagement", "LibraryManagement\LibraryManagement.vcxproj", "{11BAB70F-5716-4FB0-AFC2-37B2A234AAFE}"
EndProject
Global
	GlobalSection(SolutionConfigurationPlatforms) = preSolution
		Debug|x64 = Debug|x64
		Debug|x86 = Debug|x86
		Release|x64 = Release|x64
		Release|x86 = Release|x86
	EndGlobalSection
	GlobalSection(ProjectConfigurationPlatforms) = postSolution
		{11BAB70F-5716-4FB0-AFC2-37B2A234AAFE}.Debug|x64.ActiveCfg = Debug|x64
		{11BAB70F-5716-4FB0-AFC2-37B2A234AAFE}.Debug|x64.Build.0 = Debug|x64
		{11BAB70F-5716-4FB0-AFC2-37B2A234AAFE}.Debug|x86.ActiveCfg = Debug|Win32
		{11BAB70F-5716-4FB0-AFC2-37B2A234AAFE}.Debug|x86.Build.0 = Debug|Win32
		{11BAB70F-5716-4FB0-AFC2-37B2A234AAFE}.Release|x64.ActiveCfg = Release|x64
		{11BAB70F-5716-4FB0-AFC2-37B2A234AAFE}.Release|x64.Build.0 = Release|x64
		{11BAB70F-5716-4FB0-AFC2-37B2A234AAFE}.Release|x86.ActiveCfg = Release|Win32
		{11BAB70F-5716-4FB0-AFC2-37B2A234AAFE}.Release|x86.Build.0 = Release|Win32
	EndGlobalSection
	GlobalSection(SolutionProperties) = preSolution
		HideSolutionNode = FALSE
	EndGlobalSection
	GlobalSection(ExtensibilityGlobals) = postSolution
		SolutionGuid = {7102DA14-DCE3-426B-B0B6-926D79D89092}
	EndGlobalSection
EndGlobal
